
Microsoft Visual Studio Solution File, Format Version 12.00
# Visual Studio 14
VisualStudioVersion = 14.0.22310.1
MinimumVisualStudioVersion = 10.0.40219.1
Project("{FAE04EC0-301F-11D3-BF4B-00C04F79EFBC}") = "CSharp", "CSharp\CSharp.csproj", "{62FEE922-396B-4DAD-99B1-4EBA177D283A}"
EndProject
Project("{FAE04EC0-301F-11D3-BF4B-00C04F79EFBC}") = "CSharpTests", "CSharpTests\CSharpTests.csproj", "{7ADD4868-1C69-418F-9DC9-16A902C1A356}"
EndProject
Project("{2150E333-8FDC-42A3-9474-1A3956D46DE8}") = "Solution Items", "Solution Items", "{4083BD8A-C66A-47C8-9CC1-BC4E1B8159B6}"
EndProject
Project("{FAE04EC0-301F-11D3-BF4B-00C04F79EFBC}") = "CSharp.Tests", "CSharp.Tests\CSharp.Tests.csproj", "{64F1889B-FC50-46B3-BC7A-4E938F867E85}"
EndProject
Global
	GlobalSection(SolutionConfigurationPlatforms) = preSolution
		Debug|Any CPU = Debug|Any CPU
		Release|Any CPU = Release|Any CPU
	EndGlobalSection
	GlobalSection(ProjectConfigurationPlatforms) = postSolution
		{62FEE922-396B-4DAD-99B1-4EBA177D283A}.Debug|Any CPU.ActiveCfg = Debug|Any CPU
		{62FEE922-396B-4DAD-99B1-4EBA177D283A}.Debug|Any CPU.Build.0 = Debug|Any CPU
		{62FEE922-396B-4DAD-99B1-4EBA177D283A}.Release|Any CPU.ActiveCfg = Release|Any CPU
		{62FEE922-396B-4DAD-99B1-4EBA177D283A}.Release|Any CPU.Build.0 = Release|Any CPU
		{7ADD4868-1C69-418F-9DC9-16A902C1A356}.Debug|Any CPU.ActiveCfg = Debug|Any CPU
		{7ADD4868-1C69-418F-9DC9-16A902C1A356}.Debug|Any CPU.Build.0 = Debug|Any CPU
		{7ADD4868-1C69-418F-9DC9-16A902C1A356}.Release|Any CPU.ActiveCfg = Release|Any CPU
		{7ADD4868-1C69-418F-9DC9-16A902C1A356}.Release|Any CPU.Build.0 = Release|Any CPU
		{64F1889B-FC50-46B3-BC7A-4E938F867E85}.Debug|Any CPU.ActiveCfg = Debug|Any CPU
		{64F1889B-FC50-46B3-BC7A-4E938F867E85}.Debug|Any CPU.Build.0 = Debug|Any CPU
		{64F1889B-FC50-46B3-BC7A-4E938F867E85}.Release|Any CPU.ActiveCfg = Release|Any CPU
		{64F1889B-FC50-46B3-BC7A-4E938F867E85}.Release|Any CPU.Build.0 = Release|Any CPU
	EndGlobalSection
	GlobalSection(SolutionProperties) = preSolution
		HideSolutionNode = FALSE
	EndGlobalSection
EndGlobal
